
Microsoft Visual Studio Solution File, Format Version 12.00
# Visual Studio 15
VisualStudioVersion = 15.0.27130.2020
MinimumVisualStudioVersion = 10.0.40219.1
Project("{8BC9CEB8-8B4A-11D0-8D11-00A0C91BC942}") = "OpenSiv3D", "OpenSiv3D.vcxproj", "{043E50AA-1441-441F-9081-5766C3210686}"
EndProject
Global
	GlobalSection(SolutionConfigurationPlatforms) = preSolution
		Debug|x64 = Debug|x64
		Debug|x86 = Debug|x86
		Release|x64 = Release|x64
		Release|x86 = Release|x86
	EndGlobalSection
	GlobalSection(ProjectConfigurationPlatforms) = postSolution
		{043E50AA-1441-441F-9081-5766C3210686}.Debug|x64.ActiveCfg = Debug|x64
		{043E50AA-1441-441F-9081-5766C3210686}.Debug|x64.Build.0 = Debug|x64
		{043E50AA-1441-441F-9081-5766C3210686}.Debug|x86.ActiveCfg = Debug|Win32
		{043E50AA-1441-441F-9081-5766C3210686}.Debug|x86.Build.0 = Debug|Win32
		{043E50AA-1441-441F-9081-5766C3210686}.Release|x64.ActiveCfg = Release|x64
		{043E50AA-1441-441F-9081-5766C3210686}.Release|x64.Build.0 = Release|x64
		{043E50AA-1441-441F-9081-5766C3210686}.Release|x86.ActiveCfg = Release|Win32
		{043E50AA-1441-441F-9081-5766C3210686}.Release|x86.Build.0 = Release|Win32
	EndGlobalSection
	GlobalSection(SolutionProperties) = preSolution
		HideSolutionNode = FALSE
	EndGlobalSection
	GlobalSection(ExtensibilityGlobals) = postSolution
		SolutionGuid = {37EFF196-E915-4298-981C-96ACB7C6188A}
	EndGlobalSection
EndGlobal
